
Microsoft Visual Studio Solution File, Format Version 12.00
# Visual Studio Version 16
VisualStudioVersion = 16.0.29418.71
MinimumVisualStudioVersion = 10.0.40219.1
Project("{9A19103F-16F7-4668-BE54-9A1E7A4F7556}") = "LeonWorkerService", "LeonWorkerService\LeonWorkerService.csproj", "{4871A179-027B-4765-8101-24EA02355963}"
EndProject
Project("{9A19103F-16F7-4668-BE54-9A1E7A4F7556}") = "ConsoleApp", "ConsoleApp\ConsoleApp.csproj", "{7137264F-362A-4D67-AD8F-A5C1D5E7486C}"
EndProject
Global
	GlobalSection(SolutionConfigurationPlatforms) = preSolution
		Debug|Any CPU = Debug|Any CPU
		Release|Any CPU = Release|Any CPU
	EndGlobalSection
	GlobalSection(ProjectConfigurationPlatforms) = postSolution
		{4871A179-027B-4765-8101-24EA02355963}.Debug|Any CPU.ActiveCfg = Debug|Any CPU
		{4871A179-027B-4765-8101-24EA02355963}.Debug|Any CPU.Build.0 = Debug|Any CPU
		{4871A179-027B-4765-8101-24EA02355963}.Release|Any CPU.ActiveCfg = Release|Any CPU
		{4871A179-027B-4765-8101-24EA02355963}.Release|Any CPU.Build.0 = Release|Any CPU
		{7137264F-362A-4D67-AD8F-A5C1D5E7486C}.Debug|Any CPU.ActiveCfg = Debug|Any CPU
		{7137264F-362A-4D67-AD8F-A5C1D5E7486C}.Debug|Any CPU.Build.0 = Debug|Any CPU
		{7137264F-362A-4D67-AD8F-A5C1D5E7486C}.Release|Any CPU.ActiveCfg = Release|Any CPU
		{7137264F-362A-4D67-AD8F-A5C1D5E7486C}.Release|Any CPU.Build.0 = Release|Any CPU
	EndGlobalSection
	GlobalSection(SolutionProperties) = preSolution
		HideSolutionNode = FALSE
	EndGlobalSection
	GlobalSection(ExtensibilityGlobals) = postSolution
		SolutionGuid = {AD8F6874-0C85-4269-A4F2-869E66F92E58}
	EndGlobalSection
EndGlobal
